
Microsoft Visual Studio Solution File, Format Version 12.00
# Visual Studio Version 17
VisualStudioVersion = 17.7.34221.43
MinimumVisualStudioVersion = 10.0.40219.1
Project("{FAE04EC0-301F-11D3-BF4B-00C04F79EFBC}") = "BookStore", "BookStore\BookStore.csproj", "{ED2D66C5-331D-4ADF-8D1D-6C9632D72E37}"
EndProject
Global
	GlobalSection(SolutionConfigurationPlatforms) = preSolution
		Debug|Any CPU = Debug|Any CPU
		Release|Any CPU = Release|Any CPU
	EndGlobalSection
	GlobalSection(ProjectConfigurationPlatforms) = postSolution
		{ED2D66C5-331D-4ADF-8D1D-6C9632D72E37}.Debug|Any CPU.ActiveCfg = Debug|Any CPU
		{ED2D66C5-331D-4ADF-8D1D-6C9632D72E37}.Debug|Any CPU.Build.0 = Debug|Any CPU
		{ED2D66C5-331D-4ADF-8D1D-6C9632D72E37}.Release|Any CPU.ActiveCfg = Release|Any CPU
		{ED2D66C5-331D-4ADF-8D1D-6C9632D72E37}.Release|Any CPU.Build.0 = Release|Any CPU
	EndGlobalSection
	GlobalSection(SolutionProperties) = preSolution
		HideSolutionNode = FALSE
	EndGlobalSection
	GlobalSection(ExtensibilityGlobals) = postSolution
		SolutionGuid = {3AB5DE72-BC70-43C9-B5A5-428A3F61862B}
	EndGlobalSection
EndGlobal
